
Microsoft Visual Studio Solution File, Format Version 12.00
# Visual Studio Version 17
VisualStudioVersion = 17.10.35201.131
MinimumVisualStudioVersion = 10.0.40219.1
Project("{FAE04EC0-301F-11D3-BF4B-00C04F79EFBC}") = "Medical_app", "DoctorERP_v3.00\Medical_app.csproj", "{3EF504D9-65FF-4390-9450-B9E255D8F268}"
EndProject
Global
	GlobalSection(SolutionConfigurationPlatforms) = preSolution
		Debug|x86 = Debug|x86
		Release|x86 = Release|x86
	EndGlobalSection
	GlobalSection(ProjectConfigurationPlatforms) = postSolution
		{3EF504D9-65FF-4390-9450-B9E255D8F268}.Debug|x86.ActiveCfg = Debug|x86
		{3EF504D9-65FF-4390-9450-B9E255D8F268}.Debug|x86.Build.0 = Debug|x86
		{3EF504D9-65FF-4390-9450-B9E255D8F268}.Release|x86.ActiveCfg = Release|x86
		{3EF504D9-65FF-4390-9450-B9E255D8F268}.Release|x86.Build.0 = Release|x86
	EndGlobalSection
	GlobalSection(SolutionProperties) = preSolution
		HideSolutionNode = FALSE
	EndGlobalSection
	GlobalSection(ExtensibilityGlobals) = postSolution
		SolutionGuid = {AD9D26BC-51E8-47A0-B1D5-8105BA517BD2}
	EndGlobalSection
EndGlobal
